<?xml version="1.0" encoding="utf-8"?>
<Project ToolsVersion="4.0" xmlns="http://schemas.microsoft.com/developer/msbuild/2003">
  <ItemGroup>
    <Filter Include="Source Files">
      <UniqueIdentifier>{4FC737F1-C7A5-4376-A066-2A32D752A2FF}</UniqueIdentifier>
      <Extensions>cpp;c;cc;cxx;def;odl;idl;hpj;bat;asm;asmx</Extensions>
    </Filter>
    <Filter Include="Header Files">
      <UniqueIdentifier>{93995380-89BD-4b04-88EB-625FBE52EBFB}</UniqueIdentifier>
      <Extensions>h;hpp;hxx;hm;inl;inc;xsd</Extensions>
    </Filter>
    <Filter Include="Resource Files">
      <UniqueIdentifier>{67DA6AB6-F800-4c08-8B7A-83BB121AAD01}</UniqueIdentifier>
      <Extensions>rc;ico;cur;bmp;dlg;rc2;rct;bin;rgs;gif;jpg;jpeg;jpe;resx;tiff;tif;png;wav;mfcribbon-ms</Extensions>
    </Filter>
  </ItemGroup>
  <ItemGroup>
    <ClInclude Include="Vinfast_Custom.h">
      <Filter>Header Files</Filter>
    </ClInclude>
    <ClInclude Include="resource.h">
      <Filter>Header Files</Filter>
    </ClInclude>
  </ItemGroup>
  <ItemGroup>
    <ClCompile Include="AH_attach_cost_form.cpp">
      <Filter>Source Files</Filter>
    </ClCompile>
    <ClCompile Include="RH_check_SAP_transfer_prop.cpp">
      <Filter>Source Files</Filter>
    </ClCompile>
    <ClCompile Include="RH_Check_unreleaseed_ItemRevision.cpp">
      <Filter>Source Files</Filter>
    </ClCompile>
    <ClCompile Include="Vinfast_Custom.cpp">
      <Filter>Source Files</Filter>
    </ClCompile>
    <ClCompile Include="RH_check_checkedout_objects.cpp">
      <Filter>Source Files</Filter>
    </ClCompile>
    <ClCompile Include="AH_send_email_to_all.cpp">
      <Filter>Source Files</Filter>
    </ClCompile>
    <ClCompile Include="RH_check_bom_bop_status.cpp">
      <Filter>Source Files</Filter>
    </ClCompile>
    <ClCompile Include="RH_check_workflow_process_status.cpp">
      <Filter>Source Files</Filter>
    </ClCompile>
    <ClCompile Include="AH_send_email_to_all_participants.cpp">
      <Filter>Source Files</Filter>
    </ClCompile>
    <ClCompile Include="AH_send_mail_notification_workflow_participants.cpp">
      <Filter>Source Files</Filter>
    </ClCompile>
    <ClCompile Include="AH_create_purchasing_object.cpp">
      <Filter>Source Files</Filter>
    </ClCompile>
    <ClCompile Include="AH_change_ownership_cl_to_cl.cpp">
      <Filter>Source Files</Filter>
    </ClCompile>
    <ClCompile Include="AH_access_cl_to_buyer.cpp">
      <Filter>Source Files</Filter>
    </ClCompile>
    <ClCompile Include="AH_add_release_sts_sol_items.cpp">
      <Filter>Source Files</Filter>
    </ClCompile>
    <ClCompile Include="RH_check_release_status.cpp">
      <Filter>Source Files</Filter>
    </ClCompile>
    <ClCompile Include="AH_attach_manufac_form.cpp">
      <Filter>Source Files</Filter>
    </ClCompile>
    <ClCompile Include="RH_set_task_state.cpp">
      <Filter>Source Files</Filter>
    </ClCompile>
    <ClCompile Include="AH_route_process_by_dataset.cpp">
      <Filter>Source Files</Filter>
    </ClCompile>
    <ClCompile Include="RH_check_release_assembly_escooter.cpp">
      <Filter>Source Files</Filter>
    </ClCompile>
    <ClCompile Include="RH_Part_Not_Include_Release_Statuses.cpp">
      <Filter>Source Files</Filter>
    </ClCompile>
    <ClCompile Include="AH_MCR_create_purchasing_object.cpp">
      <Filter>Source Files</Filter>
    </ClCompile>
    <ClCompile Include="RH_check_revision_baseline.cpp">
      <Filter>Source Files</Filter>
    </ClCompile>
    <ClCompile Include="RH_is_include_baseline_revisions.cpp">
      <Filter>Source Files</Filter>
    </ClCompile>
    <ClCompile Include="AH_send_parts_transfer_request.cpp">
      <Filter>Source Files</Filter>
    </ClCompile>
    <ClCompile Include="AH_create_escooter_plant_form.cpp">
      <Filter>Source Files</Filter>
    </ClCompile>
    <ClCompile Include="AH_create_plant_form_afs.cpp">
      <Filter>Source Files</Filter>
    </ClCompile>
    <ClCompile Include="AH_notify.cpp">
      <Filter>Source Files</Filter>
    </ClCompile>
    <ClCompile Include="AH-notify-scooter-release-all.cpp">
      <Filter>Source Files</Filter>
    </ClCompile>
    <ClCompile Include="RH_is_ECN_valid_to_trigger.cpp">
      <Filter>Source Files</Filter>
    </ClCompile>
    <ClCompile Include="AH_add_release_sts_sol_items_scooter.cpp">
      <Filter>Source Files</Filter>
    </ClCompile>
    <ClCompile Include="AH_assign_workflow_tasks.cpp">
      <Filter>Source Files</Filter>
    </ClCompile>
    <ClCompile Include="AH_copy_costImpactForm_2_costObject.cpp">
      <Filter>Source Files</Filter>
    </ClCompile>
    <ClCompile Include="AH_send_email_to_all_participants_car.cpp">
      <Filter>Source Files</Filter>
    </ClCompile>
    <ClCompile Include="AH_send_email_to_all_participants_scooter.cpp">
      <Filter>Source Files</Filter>
    </ClCompile>
    <ClCompile Include="RH_check_object_properties.cpp">
      <Filter>Source Files</Filter>
    </ClCompile>
    <ClCompile Include="AH_create_ecn.cpp">
      <Filter>Source Files</Filter>
    </ClCompile>
    <ClCompile Include="AH_send_mail_EPM_noti_workflow_participants.cpp">
      <Filter>Source Files</Filter>
    </ClCompile>
    <ClCompile Include="AH_set_number_property.cpp">
      <Filter>Source Files</Filter>
    </ClCompile>
    <ClCompile Include="AH_cpy_piece_cost_form.cpp">
      <Filter>Source Files</Filter>
    </ClCompile>
    <ClCompile Include="AH_create_or_fill_plant_form.cpp">
      <Filter>Source Files</Filter>
    </ClCompile>
    <ClCompile Include="AH-create-mcn.cpp">
      <Filter>Source Files</Filter>
    </ClCompile>
    <ClCompile Include="AH_copy_part_to_ecn_storage.cpp">
      <Filter>Source Files</Filter>
    </ClCompile>
    <ClCompile Include="AH_create_dde_from_ecn_storage.cpp">
      <Filter>Source Files</Filter>
    </ClCompile>
    <ClCompile Include="RH_check_dde_status.cpp">
      <Filter>Source Files</Filter>
    </ClCompile>
    <ClCompile Include="AH_copy_part_to_ecn_storage.cpp">
      <Filter>Source Files</Filter>
    </ClCompile>
    <ClCompile Include="AH_create_dde_from_ecn_storage.cpp">
      <Filter>Source Files</Filter>
    </ClCompile>
    <ClCompile Include="RH_check_dde_status.cpp">
      <Filter>Source Files</Filter>
    </ClCompile>
    <ClCompile Include="AH_send_mail_update_status_jes.cpp">
      <Filter>Source Files</Filter>
    </ClCompile>
    <ClCompile Include="AH_set_reviewer_to_jes_form.cpp">
      <Filter>Source Files</Filter>
    </ClCompile>
    <ClCompile Include="AH_jes_sos_notification_worklow.cpp">
      <Filter>Source Files</Filter>
    </ClCompile>
    <ClCompile Include="RH_check_dde_storage_exception.cpp">
      <Filter>Source Files</Filter>
    </ClCompile>
    <ClCompile Include="AH_send_parts_transfer_sqp.cpp">
      <Filter>Source Files</Filter>
    </ClCompile>
    <ClCompile Include="RH_validate_original_base_part.cpp">
      <Filter>Source Files</Filter>
    </ClCompile>
    <ClCompile Include="AH_send_mail_information_status.cpp">
      <Filter>Source Files</Filter>
    </ClCompile>
    <ClCompile Include="AH_send_mail_part_notification_to_buyer.cpp">
      <Filter>Source Files</Filter>
    </ClCompile>
    <ClCompile Include="VES_RH_Check_unreleaseed_ItemRevision.cpp">
      <Filter>Source Files</Filter>
    </ClCompile>
    <ClCompile Include="VES_RH_check_dde_storage_exception.cpp">
      <Filter>Source Files</Filter>
    </ClCompile>
    <ClCompile Include="VES_RH_is_ECN_valid_to_trigger.cpp">
      <Filter>Source Files</Filter>
    </ClCompile>
    <ClCompile Include="VES_AH_create_dde_from_ecn_storage.cpp">
      <Filter>Source Files</Filter>
    </ClCompile>
    <ClCompile Include="VES_AH_send_email_to_all_participants.cpp">
      <Filter>Source Files</Filter>
    </ClCompile>
    <ClCompile Include="VES_AH_send_email_to_all_participants_car.cpp">
      <Filter>Source Files</Filter>
    </ClCompile>
    <ClCompile Include="VES_AH_add_release_sts_sol_items.cpp">
      <Filter>Source Files</Filter>
    </ClCompile>
    <ClCompile Include="VES_AH_attach_cost_form.cpp">
      <Filter>Source Files</Filter>
    </ClCompile>
    <ClCompile Include="VES_AH_copy_part_to_ecn_storage.cpp">
      <Filter>Source Files</Filter>
    </ClCompile>
    <ClCompile Include="VES_AH_create_ecn.cpp">
      <Filter>Source Files</Filter>
    </ClCompile>
    <ClCompile Include="AH_read_process_task_notify.cpp">
      <Filter>Source Files</Filter>
    </ClCompile>
    <ClCompile Include="AH_send_mail_notify.cpp">
      <Filter>Source Files</Filter>
    </ClCompile>
    <ClCompile Include="RH_check_has_undone_tasks.cpp">
      <Filter>Source Files</Filter>
    </ClCompile>
    <ClCompile Include="RH_set_task_state2.cpp">
      <Filter>Source Files</Filter>
    </ClCompile>
  </ItemGroup>
  <ItemGroup>
    <ResourceCompile Include="VF_handlers.rc">
      <Filter>Resource Files</Filter>
    </ResourceCompile>
  </ItemGroup>
  <ItemGroup>
    <None Include="VF_handlers.aps" />
  </ItemGroup>
</Project>